
Microsoft Visual Studio Solution File, Format Version 12.00
# Visual Studio Version 17
VisualStudioVersion = 17.0.32014.148
MinimumVisualStudioVersion = 10.0.40219.1
Project("{9A19103F-16F7-4668-BE54-9A1E7A4F7556}") = "ClassNumber15", "ClassNumber15.csproj", "{B0FFEF43-0433-4F88-90B1-F7D3E4C626E9}"
EndProject
Global
	GlobalSection(SolutionConfigurationPlatforms) = preSolution
		Debug|Any CPU = Debug|Any CPU
		Release|Any CPU = Release|Any CPU
	EndGlobalSection
	GlobalSection(ProjectConfigurationPlatforms) = postSolution
		{B0FFEF43-0433-4F88-90B1-F7D3E4C626E9}.Debug|Any CPU.ActiveCfg = Debug|Any CPU
		{B0FFEF43-0433-4F88-90B1-F7D3E4C626E9}.Debug|Any CPU.Build.0 = Debug|Any CPU
		{B0FFEF43-0433-4F88-90B1-F7D3E4C626E9}.Release|Any CPU.ActiveCfg = Release|Any CPU
		{B0FFEF43-0433-4F88-90B1-F7D3E4C626E9}.Release|Any CPU.Build.0 = Release|Any CPU
	EndGlobalSection
	GlobalSection(SolutionProperties) = preSolution
		HideSolutionNode = FALSE
	EndGlobalSection
	GlobalSection(ExtensibilityGlobals) = postSolution
		SolutionGuid = {AE33F92F-BA67-4620-89DF-0C9069A76D74}
	EndGlobalSection
EndGlobal
